
Microsoft Visual Studio Solution File, Format Version 12.00
# Visual Studio Version 16
VisualStudioVersion = 16.0.32002.261
MinimumVisualStudioVersion = 10.0.40219.1
Project("{FAE04EC0-301F-11D3-BF4B-00C04F79EFBC}") = "HTTPRequests", "HTTPRequests\HTTPRequests.csproj", "{39DE3FA7-42AB-4373-96B3-734CB51095EC}"
EndProject
Global
	GlobalSection(SolutionConfigurationPlatforms) = preSolution
		Debug|Any CPU = Debug|Any CPU
		Release|Any CPU = Release|Any CPU
	EndGlobalSection
	GlobalSection(ProjectConfigurationPlatforms) = postSolution
		{39DE3FA7-42AB-4373-96B3-734CB51095EC}.Debug|Any CPU.ActiveCfg = Debug|Any CPU
		{39DE3FA7-42AB-4373-96B3-734CB51095EC}.Debug|Any CPU.Build.0 = Debug|Any CPU
		{39DE3FA7-42AB-4373-96B3-734CB51095EC}.Release|Any CPU.ActiveCfg = Release|Any CPU
		{39DE3FA7-42AB-4373-96B3-734CB51095EC}.Release|Any CPU.Build.0 = Release|Any CPU
	EndGlobalSection
	GlobalSection(SolutionProperties) = preSolution
		HideSolutionNode = FALSE
	EndGlobalSection
	GlobalSection(ExtensibilityGlobals) = postSolution
		SolutionGuid = {C29E1911-9753-49EA-B573-676736EAD46D}
	EndGlobalSection
EndGlobal
